
Microsoft Visual Studio Solution File, Format Version 12.00
# Visual Studio 15
VisualStudioVersion = 15.0.27428.2011
MinimumVisualStudioVersion = 10.0.40219.1
Project("{FAE04EC0-301F-11D3-BF4B-00C04F79EFBC}") = "Fifth", "Fifth\Fifth.csproj", "{328F4F12-A232-4494-8EFE-1476CBBEEEFE}"
EndProject
Global
	GlobalSection(SolutionConfigurationPlatforms) = preSolution
		Debug|Any CPU = Debug|Any CPU
		Release|Any CPU = Release|Any CPU
	EndGlobalSection
	GlobalSection(ProjectConfigurationPlatforms) = postSolution
		{328F4F12-A232-4494-8EFE-1476CBBEEEFE}.Debug|Any CPU.ActiveCfg = Debug|Any CPU
		{328F4F12-A232-4494-8EFE-1476CBBEEEFE}.Debug|Any CPU.Build.0 = Debug|Any CPU
		{328F4F12-A232-4494-8EFE-1476CBBEEEFE}.Release|Any CPU.ActiveCfg = Release|Any CPU
		{328F4F12-A232-4494-8EFE-1476CBBEEEFE}.Release|Any CPU.Build.0 = Release|Any CPU
	EndGlobalSection
	GlobalSection(SolutionProperties) = preSolution
		HideSolutionNode = FALSE
	EndGlobalSection
	GlobalSection(ExtensibilityGlobals) = postSolution
		SolutionGuid = {5F83F77E-947B-4C9B-951C-E9C0E2E2A711}
	EndGlobalSection
EndGlobal
